
Microsoft Visual Studio Solution File, Format Version 12.00
Project("{FAE04EC0-301F-11D3-BF4B-00C04F79EFBC}") = "Chroma.Gui.Nuklear", "Chroma.Gui.Nuklear\Chroma.Gui.Nuklear.csproj", "{62C2FE0B-4BBE-40B8-96EF-BAC4E505EBD6}"
EndProject
Project("{FAE04EC0-301F-11D3-BF4B-00C04F79EFBC}") = "NuklearExample", "NuklearExample\NuklearExample.csproj", "{DA544A8C-A70F-4411-9C0D-16E369B7AE84}"
EndProject
Global
	GlobalSection(SolutionConfigurationPlatforms) = preSolution
		Debug|Any CPU = Debug|Any CPU
		Release|Any CPU = Release|Any CPU
	EndGlobalSection
	GlobalSection(ProjectConfigurationPlatforms) = postSolution
		{62C2FE0B-4BBE-40B8-96EF-BAC4E505EBD6}.Debug|Any CPU.ActiveCfg = Debug|Any CPU
		{62C2FE0B-4BBE-40B8-96EF-BAC4E505EBD6}.Debug|Any CPU.Build.0 = Debug|Any CPU
		{62C2FE0B-4BBE-40B8-96EF-BAC4E505EBD6}.Release|Any CPU.ActiveCfg = Release|Any CPU
		{62C2FE0B-4BBE-40B8-96EF-BAC4E505EBD6}.Release|Any CPU.Build.0 = Release|Any CPU
		{DA544A8C-A70F-4411-9C0D-16E369B7AE84}.Debug|Any CPU.ActiveCfg = Debug|Any CPU
		{DA544A8C-A70F-4411-9C0D-16E369B7AE84}.Debug|Any CPU.Build.0 = Debug|Any CPU
		{DA544A8C-A70F-4411-9C0D-16E369B7AE84}.Release|Any CPU.ActiveCfg = Release|Any CPU
		{DA544A8C-A70F-4411-9C0D-16E369B7AE84}.Release|Any CPU.Build.0 = Release|Any CPU
	EndGlobalSection
EndGlobal
